// !$*UTF8*$!
{
	archiveVersion = 1;
	classes = {
	};
	objectVersion = 46;
	objects = {

/* Begin PBXBuildFile section */
		A90EAC951A8A27D200D56EAE /* main.cpp in Sources */ = {isa = PBXBuildFile; fileRef = A90EAC941A8A27D200D56EAE /* main.cpp */; };
/* End PBXBuildFile section */

/* Begin PBXCopyFilesBuildPhase section */
		A90EAC8F1A8A27D200D56EAE /* CopyFiles */ = {
			isa = PBXCopyFilesBuildPhase;
			buildActionMask = 2147483647;
			dstPath = /usr/share/man/man1/;
			dstSubfolderSpec = 0;
			files = (
			);
			runOnlyForDeploymentPostprocessing = 1;
		};
/* End PBXCopyFilesBuildPhase section */

/* Begin PBXFileReference section */
		A90EAC911A8A27D200D56EAE /* facerecogotion */ = {isa = PBXFileReference; explicitFileType = "compiled.mach-o.executable"; includeInIndex = 0; path = facerecogotion; sourceTree = BUILT_PRODUCTS_DIR; };
		A90EAC941A8A27D200D56EAE /* main.cpp */ = {isa = PBXFileReference; lastKnownFileType = sourcecode.cpp.cpp; path = main.cpp; sourceTree = "<group>"; };
/* End PBXFileReference section */

/* Begin PBXFrameworksBuildPhase section */
		A90EAC8E1A8A27D200D56EAE /* Frameworks */ = {
			isa = PBXFrameworksBuildPhase;
			buildActionMask = 2147483647;
			files = (
			);
			runOnlyForDeploymentPostprocessing = 0;
		};
/* End PBXFrameworksBuildPhase section */

/* Begin PBXGroup section */
		A90EAC881A8A27D200D56EAE = {
			isa = PBXGroup;
			children = (
				A90EAC931A8A27D200D56EAE /* facerecogotion */,
				A90EAC921A8A27D200D56EAE /* Products */,
			);
			sourceTree = "<group>";
		};
		A90EAC921A8A27D200D56EAE /* Products */ = {
			isa = PBXGroup;
			children = (
				A90EAC911A8A27D200D56EAE /* facerecogotion */,
			);
			name = Products;
			sourceTree = "<group>";
		};
		A90EAC931A8A27D200D56EAE /* facerecogotion */ = {
			isa = PBXGroup;
			children = (
				A90EAC941A8A27D200D56EAE /* main.cpp */,
			);
			path = facerecogotion;
			sourceTree = "<group>";
		};
/* End PBXGroup section */

/* Begin PBXNativeTarget section */
		A90EAC901A8A27D200D56EAE /* facerecogotion */ = {
			isa = PBXNativeTarget;
			buildConfigurationList = A90EAC981A8A27D200D56EAE /* Build configuration list for PBXNativeTarget "facerecogotion" */;
			buildPhases = (
				A90EAC8D1A8A27D200D56EAE /* Sources */,
				A90EAC8E1A8A27D200D56EAE /* Frameworks */,
				A90EAC8F1A8A27D200D56EAE /* CopyFiles */,
			);
			buildRules = (
			);
			dependencies = (
			);
			name = facerecogotion;
			productName = facerecogotion;
			productReference = A90EAC911A8A27D200D56EAE /* facerecogotion */;
			productType = "com.apple.product-type.tool";
		};
/* End PBXNativeTarget section */

/* Begin PBXProject section */
		A90EAC891A8A27D200D56EAE /* Project object */ = {
			isa = PBXProject;
			attributes = {
				LastUpgradeCheck = 0600;
				ORGANIZATIONNAME = "Vivek Nair";
				TargetAttributes = {
					A90EAC901A8A27D200D56EAE = {
						CreatedOnToolsVersion = 6.0;
					};
				};
			};
			buildConfigurationList = A90EAC8C1A8A27D200D56EAE /* Build configuration list for PBXProject "facerecogotion" */;
			compatibilityVersion = "Xcode 3.2";
			developmentRegion = English;
			hasScannedForEncodings = 0;
			knownRegions = (
				en,
			);
			mainGroup = A90EAC881A8A27D200D56EAE;
			productRefGroup = A90EAC921A8A27D200D56EAE /* Products */;
			projectDirPath = "";
			projectRoot = "";
			targets = (
				A90EAC901A8A27D200D56EAE /* facerecogotion */,
			);
		};
/* End PBXProject section */

/* Begin PBXSourcesBuildPhase section */
		A90EAC8D1A8A27D200D56EAE /* Sources */ = {
			isa = PBXSourcesBuildPhase;
			buildActionMask = 2147483647;
			files = (
				A90EAC951A8A27D200D56EAE /* main.cpp in Sources */,
			);
			runOnlyForDeploymentPostprocessing = 0;
		};
/* End PBXSourcesBuildPhase section */

/* Begin XCBuildConfiguration section */
		A90EAC961A8A27D200D56EAE /* Debug */ = {
			isa = XCBuildConfiguration;
			buildSettings = {
				ALWAYS_SEARCH_USER_PATHS = NO;
				CLANG_CXX_LANGUAGE_STANDARD = "gnu++0x";
				CLANG_CXX_LIBRARY = "libc++";
				CLANG_ENABLE_MODULES = YES;
				CLANG_ENABLE_OBJC_ARC = YES;
				CLANG_WARN_BOOL_CONVERSION = YES;
				CLANG_WARN_CONSTANT_CONVERSION = YES;
				CLANG_WARN_DIRECT_OBJC_ISA_USAGE = YES_ERROR;
				CLANG_WARN_EMPTY_BODY = YES;
				CLANG_WARN_ENUM_CONVERSION = YES;
				CLANG_WARN_INT_CONVERSION = YES;
				CLANG_WARN_OBJC_ROOT_CLASS = YES_ERROR;
				CLANG_WARN_UNREACHABLE_CODE = YES;
				CLANG_WARN__DUPLICATE_METHOD_MATCH = YES;
				COPY_PHASE_STRIP = NO;
				ENABLE_STRICT_OBJC_MSGSEND = YES;
				GCC_C_LANGUAGE_STANDARD = gnu99;
				GCC_DYNAMIC_NO_PIC = NO;
				GCC_OPTIMIZATION_LEVEL = 0;
				GCC_PREPROCESSOR_DEFINITIONS = (
					"DEBUG=1",
					"$(inherited)",
				);
				GCC_SYMBOLS_PRIVATE_EXTERN = NO;
				GCC_WARN_64_TO_32_BIT_CONVERSION = YES;
				GCC_WARN_ABOUT_RETURN_TYPE = YES_ERROR;
				GCC_WARN_UNDECLARED_SELECTOR = YES;
				GCC_WARN_UNINITIALIZED_AUTOS = YES_AGGRESSIVE;
				GCC_WARN_UNUSED_FUNCTION = YES;
				GCC_WARN_UNUSED_VARIABLE = YES;
				MACOSX_DEPLOYMENT_TARGET = 10.10;
				MTL_ENABLE_DEBUG_INFO = YES;
				ONLY_ACTIVE_ARCH = YES;
				SDKROOT = macosx;
			};
			name = Debug;
		};
		A90EAC971A8A27D200D56EAE /* Release */ = {
			isa = XCBuildConfiguration;
			buildSettings = {
				ALWAYS_SEARCH_USER_PATHS = NO;
				CLANG_CXX_LANGUAGE_STANDARD = "gnu++0x";
				CLANG_CXX_LIBRARY = "libc++";
				CLANG_ENABLE_MODULES = YES;
				CLANG_ENABLE_OBJC_ARC = YES;
				CLANG_WARN_BOOL_CONVERSION = YES;
				CLANG_WARN_CONSTANT_CONVERSION = YES;
				CLANG_WARN_DIRECT_OBJC_ISA_USAGE = YES_ERROR;
				CLANG_WARN_EMPTY_BODY = YES;
				CLANG_WARN_ENUM_CONVERSION = YES;
				CLANG_WARN_INT_CONVERSION = YES;
				CLANG_WARN_OBJC_ROOT_CLASS = YES_ERROR;
				CLANG_WARN_UNREACHABLE_CODE = YES;
				CLANG_WARN__DUPLICATE_METHOD_MATCH = YES;
				COPY_PHASE_STRIP = YES;
				DEBUG_INFORMATION_FORMAT = "dwarf-with-dsym";
				ENABLE_NS_ASSERTIONS = NO;
				ENABLE_STRICT_OBJC_MSGSEND = YES;
				GCC_C_LANGUAGE_STANDARD = gnu99;
				GCC_WARN_64_TO_32_BIT_CONVERSION = YES;
				GCC_WARN_ABOUT_RETURN_TYPE = YES_ERROR;
				GCC_WARN_UNDECLARED_SELECTOR = YES;
				GCC_WARN_UNINITIALIZED_AUTOS = YES_AGGRESSIVE;
				GCC_WARN_UNUSED_FUNCTION = YES;
				GCC_WARN_UNUSED_VARIABLE = YES;
				MACOSX_DEPLOYMENT_TARGET = 10.10;
				MTL_ENABLE_DEBUG_INFO = NO;
				SDKROOT = macosx;
			};
			name = Release;
		};
		A90EAC991A8A27D200D56EAE /* Debug */ = {
			isa = XCBuildConfiguration;
			buildSettings = {
				PRODUCT_NAME = "$(TARGET_NAME)";
			};
			name = Debug;
		};
		A90EAC9A1A8A27D200D56EAE /* Release */ = {
			isa = XCBuildConfiguration;
			buildSettings = {
				PRODUCT_NAME = "$(TARGET_NAME)";
			};
			name = Release;
		};
/* End XCBuildConfiguration section */

/* Begin XCConfigurationList section */
		A90EAC8C1A8A27D200D56EAE /* Build configuration list for PBXProject "facerecogotion" */ = {
			isa = XCConfigurationList;
			buildConfigurations = (
				A90EAC961A8A27D200D56EAE /* Debug */,
				A90EAC971A8A27D200D56EAE /* Release */,
			);
			defaultConfigurationIsVisible = 0;
			defaultConfigurationName = Release;
		};
		A90EAC981A8A27D200D56EAE /* Build configuration list for PBXNativeTarget "facerecogotion" */ = {
			isa = XCConfigurationList;
			buildConfigurations = (
				A90EAC991A8A27D200D56EAE /* Debug */,
				A90EAC9A1A8A27D200D56EAE /* Release */,
			);
			defaultConfigurationIsVisible = 0;
		};
/* End XCConfigurationList section */
	};
	rootObject = A90EAC891A8A27D200D56EAE /* Project object */;
}
